
Microsoft Visual Studio Solution File, Format Version 12.00
# Visual Studio Version 16
VisualStudioVersion = 16.0.32413.511
MinimumVisualStudioVersion = 10.0.40219.1
Project("{9A19103F-16F7-4668-BE54-9A1E7A4F7556}") = "LicenseService", "UTKTSession\LicenseService.csproj", "{821BE0E8-9582-448E-9ECE-2B10DCD91E0E}"
EndProject
Project("{9A19103F-16F7-4668-BE54-9A1E7A4F7556}") = "ConsoleRunner", "ConsoleRunner\ConsoleRunner.csproj", "{061BC0B6-03C6-436F-A895-EF5A012A995B}"
EndProject
Project("{9A19103F-16F7-4668-BE54-9A1E7A4F7556}") = "KTMSTest", "KTMSTest\KTMSTest.csproj", "{19C43A9F-24BE-47E4-93A2-E2F860E54489}"
EndProject
Project("{2150E333-8FDC-42A3-9474-1A3956D46DE8}") = "UnitTests", "UnitTests", "{A0DA15E3-B9F2-47C4-8B48-FA2F843DBBE2}"
EndProject
Project("{9A19103F-16F7-4668-BE54-9A1E7A4F7556}") = "UnitTestingExamples", "UnitTestingExamples\UnitTestingExamples.csproj", "{341438C7-3779-41AD-A28B-24B3BC4708EE}"
EndProject
Project("{9A19103F-16F7-4668-BE54-9A1E7A4F7556}") = "CheckbookPrinting", "CheckbookPrinting\CheckbookPrinting.csproj", "{D7F8571A-A348-4544-A6B3-EEFE2A692505}"
EndProject
Project("{2150E333-8FDC-42A3-9474-1A3956D46DE8}") = "_Unrelated", "_Unrelated", "{57EEECE2-82B1-411D-9CD9-A03B826ADAC7}"
EndProject
Global
	GlobalSection(SolutionConfigurationPlatforms) = preSolution
		Debug|Any CPU = Debug|Any CPU
		Release|Any CPU = Release|Any CPU
	EndGlobalSection
	GlobalSection(ProjectConfigurationPlatforms) = postSolution
		{821BE0E8-9582-448E-9ECE-2B10DCD91E0E}.Debug|Any CPU.ActiveCfg = Debug|Any CPU
		{821BE0E8-9582-448E-9ECE-2B10DCD91E0E}.Debug|Any CPU.Build.0 = Debug|Any CPU
		{821BE0E8-9582-448E-9ECE-2B10DCD91E0E}.Release|Any CPU.ActiveCfg = Release|Any CPU
		{821BE0E8-9582-448E-9ECE-2B10DCD91E0E}.Release|Any CPU.Build.0 = Release|Any CPU
		{061BC0B6-03C6-436F-A895-EF5A012A995B}.Debug|Any CPU.ActiveCfg = Debug|Any CPU
		{061BC0B6-03C6-436F-A895-EF5A012A995B}.Debug|Any CPU.Build.0 = Debug|Any CPU
		{061BC0B6-03C6-436F-A895-EF5A012A995B}.Release|Any CPU.ActiveCfg = Release|Any CPU
		{061BC0B6-03C6-436F-A895-EF5A012A995B}.Release|Any CPU.Build.0 = Release|Any CPU
		{19C43A9F-24BE-47E4-93A2-E2F860E54489}.Debug|Any CPU.ActiveCfg = Debug|Any CPU
		{19C43A9F-24BE-47E4-93A2-E2F860E54489}.Debug|Any CPU.Build.0 = Debug|Any CPU
		{19C43A9F-24BE-47E4-93A2-E2F860E54489}.Release|Any CPU.ActiveCfg = Release|Any CPU
		{19C43A9F-24BE-47E4-93A2-E2F860E54489}.Release|Any CPU.Build.0 = Release|Any CPU
		{341438C7-3779-41AD-A28B-24B3BC4708EE}.Debug|Any CPU.ActiveCfg = Debug|Any CPU
		{341438C7-3779-41AD-A28B-24B3BC4708EE}.Debug|Any CPU.Build.0 = Debug|Any CPU
		{341438C7-3779-41AD-A28B-24B3BC4708EE}.Release|Any CPU.ActiveCfg = Release|Any CPU
		{341438C7-3779-41AD-A28B-24B3BC4708EE}.Release|Any CPU.Build.0 = Release|Any CPU
		{D7F8571A-A348-4544-A6B3-EEFE2A692505}.Debug|Any CPU.ActiveCfg = Debug|Any CPU
		{D7F8571A-A348-4544-A6B3-EEFE2A692505}.Debug|Any CPU.Build.0 = Debug|Any CPU
		{D7F8571A-A348-4544-A6B3-EEFE2A692505}.Release|Any CPU.ActiveCfg = Release|Any CPU
		{D7F8571A-A348-4544-A6B3-EEFE2A692505}.Release|Any CPU.Build.0 = Release|Any CPU
	EndGlobalSection
	GlobalSection(SolutionProperties) = preSolution
		HideSolutionNode = FALSE
	EndGlobalSection
	GlobalSection(NestedProjects) = preSolution
		{821BE0E8-9582-448E-9ECE-2B10DCD91E0E} = {57EEECE2-82B1-411D-9CD9-A03B826ADAC7}
		{061BC0B6-03C6-436F-A895-EF5A012A995B} = {57EEECE2-82B1-411D-9CD9-A03B826ADAC7}
		{19C43A9F-24BE-47E4-93A2-E2F860E54489} = {A0DA15E3-B9F2-47C4-8B48-FA2F843DBBE2}
	EndGlobalSection
	GlobalSection(ExtensibilityGlobals) = postSolution
		SolutionGuid = {12EBDDBF-5E48-4742-9108-ECA3B0192265}
	EndGlobalSection
EndGlobal
